<?xml version="1.0" encoding="utf-8"?>
<Project ToolsVersion="4.0" xmlns="http://schemas.microsoft.com/developer/msbuild/2003">
  <ItemGroup>
    <Filter Include="Source Files">
      <UniqueIdentifier>{4FC737F1-C7A5-4376-A066-2A32D752A2FF}</UniqueIdentifier>
      <Extensions>cpp;c;cc;cxx;def;odl;idl;hpj;bat;asm;asmx</Extensions>
    </Filter>
    <Filter Include="Header Files">
      <UniqueIdentifier>{93995380-89BD-4b04-88EB-625FBE52EBFB}</UniqueIdentifier>
      <Extensions>h;hh;hpp;hxx;hm;inl;inc;ipp;xsd</Extensions>
    </Filter>
    <Filter Include="Resource Files">
      <UniqueIdentifier>{67DA6AB6-F800-4c08-8B7A-83BB121AAD01}</UniqueIdentifier>
      <Extensions>rc;ico;cur;bmp;dlg;rc2;rct;bin;rgs;gif;jpg;jpeg;jpe;resx;tiff;tif;png;wav;mfcribbon-ms</Extensions>
    </Filter>
    <Filter Include="Header Files\Physics System">
      <UniqueIdentifier>{b64ed247-f0ef-4d76-baa8-290dc78e64a4}</UniqueIdentifier>
    </Filter>
    <Filter Include="Source Files\Physics System">
      <UniqueIdentifier>{361a2244-3dd9-44b2-b61a-83acb4e9d788}</UniqueIdentifier>
    </Filter>
    <Filter Include="Header Files\Render System">
      <UniqueIdentifier>{c35dc83d-c5af-4781-a5ed-3ad5b58f5770}</UniqueIdentifier>
    </Filter>
    <Filter Include="Source Files\Storage Classes">
      <UniqueIdentifier>{0b2376f3-388a-473e-95a8-b5304e5f61d1}</UniqueIdentifier>
    </Filter>
    <Filter Include="Header Files\Storage Classes">
      <UniqueIdentifier>{e64633df-2178-4359-9798-32767d7ff797}</UniqueIdentifier>
    </Filter>
    <Filter Include="Source Files\Render System">
      <UniqueIdentifier>{9cca3b87-39de-45e4-830f-8726c7a471f9}</UniqueIdentifier>
    </Filter>
    <Filter Include="Header Files\Input System">
      <UniqueIdentifier>{a256b5f2-12ac-48fa-8195-1a5931653022}</UniqueIdentifier>
    </Filter>
    <Filter Include="Header Files\Resources">
      <UniqueIdentifier>{8aaa511d-fa55-44a8-9352-aa306d16ac36}</UniqueIdentifier>
    </Filter>
    <Filter Include="Source Files\Input System">
      <UniqueIdentifier>{0dfb8a0e-b6fb-4c54-b886-6b8754159258}</UniqueIdentifier>
    </Filter>
    <Filter Include="Source Files\Resources">
      <UniqueIdentifier>{84be4a81-b605-4de2-b27d-b7b095a7b5b3}</UniqueIdentifier>
    </Filter>
    <Filter Include="Header Files\Message System">
      <UniqueIdentifier>{a48e1edd-d514-4af0-b66c-6edd3050c23d}</UniqueIdentifier>
    </Filter>
    <Filter Include="Header Files\Logic">
      <UniqueIdentifier>{624fbb86-7a2d-42c8-a89e-c289830b3ce3}</UniqueIdentifier>
    </Filter>
    <Filter Include="Header Files\Logic\Player States">
      <UniqueIdentifier>{ce334fe3-2d52-461d-a5c3-f419c395eafa}</UniqueIdentifier>
    </Filter>
  </ItemGroup>
  <ItemGroup>
    <ClCompile Include="main.cpp">
      <Filter>Source Files</Filter>
    </ClCompile>
    <ClCompile Include="ErrorSystem.cpp">
      <Filter>Source Files</Filter>
    </ClCompile>
    <ClCompile Include="Component.cpp">
      <Filter>Source Files</Filter>
    </ClCompile>
    <ClCompile Include="CollisionComponent.cpp">
      <Filter>Source Files\Physics System</Filter>
    </ClCompile>
    <ClCompile Include="PhysicsSystem.cpp">
      <Filter>Source Files\Physics System</Filter>
    </ClCompile>
    <ClCompile Include="Rotation.cpp">
      <Filter>Source Files</Filter>
    </ClCompile>
    <ClCompile Include="Rectangle.cpp">
      <Filter>Source Files\Physics System</Filter>
    </ClCompile>
    <ClCompile Include="Circle.cpp">
      <Filter>Source Files\Physics System</Filter>
    </ClCompile>
    <ClCompile Include="CollisionSystem.cpp">
      <Filter>Source Files\Physics System</Filter>
    </ClCompile>
    <ClCompile Include="Line.cpp">
      <Filter>Source Files\Physics System</Filter>
    </ClCompile>
    <ClCompile Include="Grid.cpp">
      <Filter>Source Files\Storage Classes</Filter>
    </ClCompile>
    <ClCompile Include="Vector2D.cpp">
      <Filter>Source Files\Storage Classes</Filter>
    </ClCompile>
    <ClCompile Include="VelocityComponent.cpp">
      <Filter>Source Files\Physics System</Filter>
    </ClCompile>
    <ClCompile Include="RenderSystem.cpp">
      <Filter>Source Files\Render System</Filter>
    </ClCompile>
    <ClCompile Include="Renderer.cpp">
      <Filter>Source Files\Resources</Filter>
    </ClCompile>
    <ClCompile Include="TextureCache.cpp">
      <Filter>Source Files\Resources</Filter>
    </ClCompile>
    <ClCompile Include="SpriteComponent.cpp">
      <Filter>Source Files\Render System</Filter>
    </ClCompile>
    <ClCompile Include="ResourceManager.cpp">
      <Filter>Source Files\Resources</Filter>
    </ClCompile>
    <ClCompile Include="Texture.cpp">
      <Filter>Source Files\Resources</Filter>
    </ClCompile>
    <ClCompile Include="Window.cpp">
      <Filter>Source Files\Resources</Filter>
    </ClCompile>
    <ClCompile Include="Controller.cpp">
      <Filter>Source Files\Input System</Filter>
    </ClCompile>
    <ClCompile Include="InputComponent.cpp">
      <Filter>Source Files\Input System</Filter>
    </ClCompile>
    <ClCompile Include="InputSystem.cpp">
      <Filter>Source Files\Input System</Filter>
    </ClCompile>
    <ClCompile Include="MessageSystem.cpp">
      <Filter>Source Files</Filter>
    </ClCompile>
    <ClCompile Include="Keyboard.cpp">
      <Filter>Source Files\Input System</Filter>
    </ClCompile>
    <ClCompile Include="Mouse.cpp">
      <Filter>Source Files\Input System</Filter>
    </ClCompile>
    <ClCompile Include="GameInitSystem.cpp">
      <Filter>Source Files</Filter>
    </ClCompile>
    <ClCompile Include="EntitySystem.cpp">
      <Filter>Source Files</Filter>
    </ClCompile>
    <ClCompile Include="PlayerIdleState.cpp">
      <Filter>Source Files</Filter>
    </ClCompile>
    <ClCompile Include="PlayerMoveState.cpp">
      <Filter>Source Files</Filter>
    </ClCompile>
    <ClCompile Include="AnimationComponent.cpp">
      <Filter>Source Files</Filter>
    </ClCompile>
    <ClCompile Include="SpriteParser.cpp">
      <Filter>Source Files</Filter>
    </ClCompile>
    <ClCompile Include="Animation.cpp">
      <Filter>Source Files</Filter>
    </ClCompile>
    <ClCompile Include="Camera2D.cpp">
      <Filter>Source Files</Filter>
    </ClCompile>
    <ClCompile Include="LogicSystem.cpp">
      <Filter>Source Files</Filter>
    </ClCompile>
    <ClCompile Include="ZombieIdleState.cpp">
      <Filter>Source Files</Filter>
    </ClCompile>
    <ClCompile Include="PlayerLogicComponent.cpp">
      <Filter>Source Files</Filter>
    </ClCompile>
    <ClCompile Include="EnemyLogicComponent.cpp">
      <Filter>Source Files</Filter>
    </ClCompile>
    <ClCompile Include="EnemyState.cpp">
      <Filter>Source Files</Filter>
    </ClCompile>
    <ClCompile Include="EnemyIdleState.cpp">
      <Filter>Source Files</Filter>
    </ClCompile>
    <ClCompile Include="EnemyAttackState.cpp">
      <Filter>Source Files</Filter>
    </ClCompile>
    <ClCompile Include="EnemyTargetState.cpp">
      <Filter>Source Files</Filter>
    </ClCompile>
  </ItemGroup>
  <ItemGroup>
    <ClInclude Include="Header Template.h">
      <Filter>Resource Files</Filter>
    </ClInclude>
    <ClInclude Include="ErrorSystem.h">
      <Filter>Header Files</Filter>
    </ClInclude>
    <ClInclude Include="Component.h">
      <Filter>Header Files</Filter>
    </ClInclude>
    <ClInclude Include="CollisionComponent.h">
      <Filter>Header Files\Physics System</Filter>
    </ClInclude>
    <ClInclude Include="PhysicsSystem.h">
      <Filter>Header Files\Physics System</Filter>
    </ClInclude>
    <ClInclude Include="Line.h">
      <Filter>Header Files\Physics System</Filter>
    </ClInclude>
    <ClInclude Include="Rotation.h">
      <Filter>Header Files</Filter>
    </ClInclude>
    <ClInclude Include="Rectangle.h">
      <Filter>Header Files\Physics System</Filter>
    </ClInclude>
    <ClInclude Include="IShape.h">
      <Filter>Header Files\Physics System</Filter>
    </ClInclude>
    <ClInclude Include="Circle.h">
      <Filter>Header Files\Physics System</Filter>
    </ClInclude>
    <ClInclude Include="VelocityComponent.h">
      <Filter>Header Files\Physics System</Filter>
    </ClInclude>
    <ClInclude Include="CollisionSystem.h">
      <Filter>Header Files\Physics System</Filter>
    </ClInclude>
    <ClInclude Include="Node.h">
      <Filter>Header Files\Storage Classes</Filter>
    </ClInclude>
    <ClInclude Include="Grid.h">
      <Filter>Header Files\Storage Classes</Filter>
    </ClInclude>
    <ClInclude Include="Vector2D.h">
      <Filter>Header Files\Storage Classes</Filter>
    </ClInclude>
    <ClInclude Include="RenderSystem.h">
      <Filter>Header Files\Render System</Filter>
    </ClInclude>
    <ClInclude Include="SpriteComponent.h">
      <Filter>Header Files\Render System</Filter>
    </ClInclude>
    <ClInclude Include="Renderer.h">
      <Filter>Header Files\Resources</Filter>
    </ClInclude>
    <ClInclude Include="ResourceManager.h">
      <Filter>Header Files\Resources</Filter>
    </ClInclude>
    <ClInclude Include="TextureCache.h">
      <Filter>Header Files\Resources</Filter>
    </ClInclude>
    <ClInclude Include="Texture.h">
      <Filter>Header Files\Resources</Filter>
    </ClInclude>
    <ClInclude Include="Window.h">
      <Filter>Header Files\Resources</Filter>
    </ClInclude>
    <ClInclude Include="InputSystem.h">
      <Filter>Header Files\Input System</Filter>
    </ClInclude>
    <ClInclude Include="InputComponent.h">
      <Filter>Header Files\Input System</Filter>
    </ClInclude>
    <ClInclude Include="Controller.h">
      <Filter>Header Files\Input System</Filter>
    </ClInclude>
    <ClInclude Include="InputDevice.h">
      <Filter>Header Files\Input System</Filter>
    </ClInclude>
    <ClInclude Include="Keyboard.h">
      <Filter>Header Files\Input System</Filter>
    </ClInclude>
    <ClInclude Include="Mouse.h">
      <Filter>Header Files\Input System</Filter>
    </ClInclude>
    <ClInclude Include="SettingIO.h">
      <Filter>Header Files</Filter>
    </ClInclude>
    <ClInclude Include="GameInitSystem.h">
      <Filter>Header Files</Filter>
    </ClInclude>
    <ClInclude Include="EntitySystem.h">
      <Filter>Header Files</Filter>
    </ClInclude>
    <ClInclude Include="List.h">
      <Filter>Header Files\Storage Classes</Filter>
    </ClInclude>
    <ClInclude Include="MessageSystem.h">
      <Filter>Header Files\Message System</Filter>
    </ClInclude>
    <ClInclude Include="IState.h">
      <Filter>Header Files</Filter>
    </ClInclude>
    <ClInclude Include="LogicComponent.h">
      <Filter>Header Files</Filter>
    </ClInclude>
    <ClInclude Include="PlayerIdleState.h">
      <Filter>Header Files</Filter>
    </ClInclude>
    <ClInclude Include="OldMessage.h">
      <Filter>Header Files\Message System</Filter>
    </ClInclude>
    <ClInclude Include="IMessage.h">
      <Filter>Header Files</Filter>
    </ClInclude>
    <ClInclude Include="StateChangeMessage.h">
      <Filter>Header Files\Message System</Filter>
    </ClInclude>
    <ClInclude Include="MoveMessage.h">
      <Filter>Header Files\Message System</Filter>
    </ClInclude>
    <ClInclude Include="CollisionMessage.h">
      <Filter>Header Files\Message System</Filter>
    </ClInclude>
    <ClInclude Include="PlayerMoveState.h">
      <Filter>Header Files</Filter>
    </ClInclude>
    <ClInclude Include="VelocityIncreaseMessage.h">
      <Filter>Header Files</Filter>
    </ClInclude>
    <ClInclude Include="AnimationComponent.h">
      <Filter>Header Files</Filter>
    </ClInclude>
    <ClInclude Include="SpriteParser.h">
      <Filter>Header Files</Filter>
    </ClInclude>
    <ClInclude Include="Animation.h">
      <Filter>Header Files</Filter>
    </ClInclude>
    <ClInclude Include="AnimationChangeMessage.h">
      <Filter>Header Files</Filter>
    </ClInclude>
    <ClInclude Include="Camera2D.h">
      <Filter>Header Files</Filter>
    </ClInclude>
    <ClInclude Include="LogicSystem.h">
      <Filter>Header Files</Filter>
    </ClInclude>
    <ClInclude Include="ZombieIdleState.h">
      <Filter>Header Files</Filter>
    </ClInclude>
    <ClInclude Include="PlayerLogicComponent.h">
      <Filter>Header Files</Filter>
    </ClInclude>
    <ClInclude Include="EnemyLogicComponent.h">
      <Filter>Header Files</Filter>
    </ClInclude>
    <ClInclude Include="EnemyState.h">
      <Filter>Header Files</Filter>
    </ClInclude>
    <ClInclude Include="EnemyIdleState.h">
      <Filter>Header Files</Filter>
    </ClInclude>
    <ClInclude Include="Timer.h">
      <Filter>Header Files</Filter>
    </ClInclude>
    <ClInclude Include="EnemyAttackState.h">
      <Filter>Header Files</Filter>
    </ClInclude>
    <ClInclude Include="AttackInfo.h">
      <Filter>Header Files</Filter>
    </ClInclude>
    <ClInclude Include="EnemyTargetState.h">
      <Filter>Header Files</Filter>
    </ClInclude>
  </ItemGroup>
</Project>